
Microsoft Visual Studio Solution File, Format Version 12.00
# Visual Studio Version 17
VisualStudioVersion = 17.7.34031.279
MinimumVisualStudioVersion = 10.0.40219.1
Project("{FAE04EC0-301F-11D3-BF4B-00C04F79EFBC}") = "Demo_Pipelines", "Demo_Pipelines\Demo_Pipelines.csproj", "{30FD65F1-FB32-40DC-A2B4-1D63BF511F90}"
EndProject
Global
	GlobalSection(SolutionConfigurationPlatforms) = preSolution
		Debug|Any CPU = Debug|Any CPU
		Release|Any CPU = Release|Any CPU
	EndGlobalSection
	GlobalSection(ProjectConfigurationPlatforms) = postSolution
		{30FD65F1-FB32-40DC-A2B4-1D63BF511F90}.Debug|Any CPU.ActiveCfg = Debug|Any CPU
		{30FD65F1-FB32-40DC-A2B4-1D63BF511F90}.Debug|Any CPU.Build.0 = Debug|Any CPU
		{30FD65F1-FB32-40DC-A2B4-1D63BF511F90}.Release|Any CPU.ActiveCfg = Release|Any CPU
		{30FD65F1-FB32-40DC-A2B4-1D63BF511F90}.Release|Any CPU.Build.0 = Release|Any CPU
	EndGlobalSection
	GlobalSection(SolutionProperties) = preSolution
		HideSolutionNode = FALSE
	EndGlobalSection
	GlobalSection(ExtensibilityGlobals) = postSolution
		SolutionGuid = {A07CF74F-6D3F-43F5-9A8A-8523D00E9144}
	EndGlobalSection
EndGlobal
